
Microsoft Visual Studio Solution File, Format Version 12.00
# Visual Studio Version 16
VisualStudioVersion = 16.0.32602.291
MinimumVisualStudioVersion = 10.0.40219.1
Project("{FAE04EC0-301F-11D3-BF4B-00C04F79EFBC}") = "Ejercicio_Estaticos", "Ejercicio_Estaticos\Ejercicio_Estaticos.csproj", "{28047E90-8A5D-4C16-900F-DADDEF864D44}"
EndProject
Project("{FAE04EC0-301F-11D3-BF4B-00C04F79EFBC}") = "Biblioteca", "Biblioteca\Biblioteca.csproj", "{B6EF8E12-3F82-49CD-8739-34F43F1EC5A0}"
EndProject
Global
	GlobalSection(SolutionConfigurationPlatforms) = preSolution
		Debug|Any CPU = Debug|Any CPU
		Release|Any CPU = Release|Any CPU
	EndGlobalSection
	GlobalSection(ProjectConfigurationPlatforms) = postSolution
		{28047E90-8A5D-4C16-900F-DADDEF864D44}.Debug|Any CPU.ActiveCfg = Debug|Any CPU
		{28047E90-8A5D-4C16-900F-DADDEF864D44}.Debug|Any CPU.Build.0 = Debug|Any CPU
		{28047E90-8A5D-4C16-900F-DADDEF864D44}.Release|Any CPU.ActiveCfg = Release|Any CPU
		{28047E90-8A5D-4C16-900F-DADDEF864D44}.Release|Any CPU.Build.0 = Release|Any CPU
		{B6EF8E12-3F82-49CD-8739-34F43F1EC5A0}.Debug|Any CPU.ActiveCfg = Debug|Any CPU
		{B6EF8E12-3F82-49CD-8739-34F43F1EC5A0}.Debug|Any CPU.Build.0 = Debug|Any CPU
		{B6EF8E12-3F82-49CD-8739-34F43F1EC5A0}.Release|Any CPU.ActiveCfg = Release|Any CPU
		{B6EF8E12-3F82-49CD-8739-34F43F1EC5A0}.Release|Any CPU.Build.0 = Release|Any CPU
	EndGlobalSection
	GlobalSection(SolutionProperties) = preSolution
		HideSolutionNode = FALSE
	EndGlobalSection
	GlobalSection(ExtensibilityGlobals) = postSolution
		SolutionGuid = {64A179C8-58AF-48C0-BEC1-CE9E06A6E29C}
	EndGlobalSection
EndGlobal
