
Microsoft Visual Studio Solution File, Format Version 12.00
# Visual Studio Version 16
VisualStudioVersion = 16.0.32602.291
MinimumVisualStudioVersion = 10.0.40219.1
Project("{FAE04EC0-301F-11D3-BF4B-00C04F79EFBC}") = "Ejercicio_Estaticos", "Ejercicio_Estaticos\Ejercicio_Estaticos.csproj", "{88B2069A-5959-41EB-B2DE-7BC8BC772DA6}"
EndProject
Project("{FAE04EC0-301F-11D3-BF4B-00C04F79EFBC}") = "Biblioteca", "Biblioteca\Biblioteca.csproj", "{C0FCF9DF-D825-4A78-85F4-62D3E903FA6D}"
EndProject
Global
	GlobalSection(SolutionConfigurationPlatforms) = preSolution
		Debug|Any CPU = Debug|Any CPU
		Release|Any CPU = Release|Any CPU
	EndGlobalSection
	GlobalSection(ProjectConfigurationPlatforms) = postSolution
		{88B2069A-5959-41EB-B2DE-7BC8BC772DA6}.Debug|Any CPU.ActiveCfg = Debug|Any CPU
		{88B2069A-5959-41EB-B2DE-7BC8BC772DA6}.Debug|Any CPU.Build.0 = Debug|Any CPU
		{88B2069A-5959-41EB-B2DE-7BC8BC772DA6}.Release|Any CPU.ActiveCfg = Release|Any CPU
		{88B2069A-5959-41EB-B2DE-7BC8BC772DA6}.Release|Any CPU.Build.0 = Release|Any CPU
		{C0FCF9DF-D825-4A78-85F4-62D3E903FA6D}.Debug|Any CPU.ActiveCfg = Debug|Any CPU
		{C0FCF9DF-D825-4A78-85F4-62D3E903FA6D}.Debug|Any CPU.Build.0 = Debug|Any CPU
		{C0FCF9DF-D825-4A78-85F4-62D3E903FA6D}.Release|Any CPU.ActiveCfg = Release|Any CPU
		{C0FCF9DF-D825-4A78-85F4-62D3E903FA6D}.Release|Any CPU.Build.0 = Release|Any CPU
	EndGlobalSection
	GlobalSection(SolutionProperties) = preSolution
		HideSolutionNode = FALSE
	EndGlobalSection
	GlobalSection(ExtensibilityGlobals) = postSolution
		SolutionGuid = {AF2EB266-F75D-4069-9A47-87B2426099A6}
	EndGlobalSection
EndGlobal
