
Microsoft Visual Studio Solution File, Format Version 12.00
# Visual Studio Version 16
VisualStudioVersion = 16.0.32602.291
MinimumVisualStudioVersion = 10.0.40219.1
Project("{FAE04EC0-301F-11D3-BF4B-00C04F79EFBC}") = "Ejercicio_Estaticos", "Ejercicio_Estaticos\Ejercicio_Estaticos.csproj", "{059BADBC-3E5D-4407-A319-EF2916C2FDA1}"
EndProject
Project("{FAE04EC0-301F-11D3-BF4B-00C04F79EFBC}") = "Formula", "Formula\Formula.csproj", "{7992F0EC-FE0E-4B0C-B9DD-33CD0CC8568B}"
EndProject
Global
	GlobalSection(SolutionConfigurationPlatforms) = preSolution
		Debug|Any CPU = Debug|Any CPU
		Release|Any CPU = Release|Any CPU
	EndGlobalSection
	GlobalSection(ProjectConfigurationPlatforms) = postSolution
		{059BADBC-3E5D-4407-A319-EF2916C2FDA1}.Debug|Any CPU.ActiveCfg = Debug|Any CPU
		{059BADBC-3E5D-4407-A319-EF2916C2FDA1}.Debug|Any CPU.Build.0 = Debug|Any CPU
		{059BADBC-3E5D-4407-A319-EF2916C2FDA1}.Release|Any CPU.ActiveCfg = Release|Any CPU
		{059BADBC-3E5D-4407-A319-EF2916C2FDA1}.Release|Any CPU.Build.0 = Release|Any CPU
		{7992F0EC-FE0E-4B0C-B9DD-33CD0CC8568B}.Debug|Any CPU.ActiveCfg = Debug|Any CPU
		{7992F0EC-FE0E-4B0C-B9DD-33CD0CC8568B}.Debug|Any CPU.Build.0 = Debug|Any CPU
		{7992F0EC-FE0E-4B0C-B9DD-33CD0CC8568B}.Release|Any CPU.ActiveCfg = Release|Any CPU
		{7992F0EC-FE0E-4B0C-B9DD-33CD0CC8568B}.Release|Any CPU.Build.0 = Release|Any CPU
	EndGlobalSection
	GlobalSection(SolutionProperties) = preSolution
		HideSolutionNode = FALSE
	EndGlobalSection
	GlobalSection(ExtensibilityGlobals) = postSolution
		SolutionGuid = {2C277064-B0F6-4F43-9086-A618F97E35F9}
	EndGlobalSection
EndGlobal
