
Microsoft Visual Studio Solution File, Format Version 12.00
# Visual Studio Version 16
VisualStudioVersion = 16.0.32602.291
MinimumVisualStudioVersion = 10.0.40219.1
Project("{FAE04EC0-301F-11D3-BF4B-00C04F79EFBC}") = "Ejercicios_Encapsulamiento", "Ejercicios_Encapsulamiento\Ejercicios_Encapsulamiento.csproj", "{0F752E6D-82F7-4650-A77C-57DF3FD5D91B}"
EndProject
Project("{FAE04EC0-301F-11D3-BF4B-00C04F79EFBC}") = "Comercio", "Comercio\Comercio.csproj", "{DC2A4287-DCDF-4A11-8AFD-8E2F6DD839CC}"
EndProject
Global
	GlobalSection(SolutionConfigurationPlatforms) = preSolution
		Debug|Any CPU = Debug|Any CPU
		Release|Any CPU = Release|Any CPU
	EndGlobalSection
	GlobalSection(ProjectConfigurationPlatforms) = postSolution
		{0F752E6D-82F7-4650-A77C-57DF3FD5D91B}.Debug|Any CPU.ActiveCfg = Debug|Any CPU
		{0F752E6D-82F7-4650-A77C-57DF3FD5D91B}.Debug|Any CPU.Build.0 = Debug|Any CPU
		{0F752E6D-82F7-4650-A77C-57DF3FD5D91B}.Release|Any CPU.ActiveCfg = Release|Any CPU
		{0F752E6D-82F7-4650-A77C-57DF3FD5D91B}.Release|Any CPU.Build.0 = Release|Any CPU
		{DC2A4287-DCDF-4A11-8AFD-8E2F6DD839CC}.Debug|Any CPU.ActiveCfg = Debug|Any CPU
		{DC2A4287-DCDF-4A11-8AFD-8E2F6DD839CC}.Debug|Any CPU.Build.0 = Debug|Any CPU
		{DC2A4287-DCDF-4A11-8AFD-8E2F6DD839CC}.Release|Any CPU.ActiveCfg = Release|Any CPU
		{DC2A4287-DCDF-4A11-8AFD-8E2F6DD839CC}.Release|Any CPU.Build.0 = Release|Any CPU
	EndGlobalSection
	GlobalSection(SolutionProperties) = preSolution
		HideSolutionNode = FALSE
	EndGlobalSection
	GlobalSection(ExtensibilityGlobals) = postSolution
		SolutionGuid = {516F6C98-AC26-410A-8FF5-694EC437FBD7}
	EndGlobalSection
EndGlobal
