
Microsoft Visual Studio Solution File, Format Version 12.00
# Visual Studio Version 16
VisualStudioVersion = 16.0.32602.291
MinimumVisualStudioVersion = 10.0.40219.1
Project("{FAE04EC0-301F-11D3-BF4B-00C04F79EFBC}") = "Ejercicios_Encapsulamiento", "Ejercicios_Encapsulamiento\Ejercicios_Encapsulamiento.csproj", "{0A7B72BF-FA9A-408B-960F-49742E41641A}"
EndProject
Project("{FAE04EC0-301F-11D3-BF4B-00C04F79EFBC}") = "Biblioteca", "Biblioteca\Biblioteca.csproj", "{67438034-6401-4544-B9DE-F2A2F1BEB405}"
EndProject
Global
	GlobalSection(SolutionConfigurationPlatforms) = preSolution
		Debug|Any CPU = Debug|Any CPU
		Release|Any CPU = Release|Any CPU
	EndGlobalSection
	GlobalSection(ProjectConfigurationPlatforms) = postSolution
		{0A7B72BF-FA9A-408B-960F-49742E41641A}.Debug|Any CPU.ActiveCfg = Debug|Any CPU
		{0A7B72BF-FA9A-408B-960F-49742E41641A}.Debug|Any CPU.Build.0 = Debug|Any CPU
		{0A7B72BF-FA9A-408B-960F-49742E41641A}.Release|Any CPU.ActiveCfg = Release|Any CPU
		{0A7B72BF-FA9A-408B-960F-49742E41641A}.Release|Any CPU.Build.0 = Release|Any CPU
		{67438034-6401-4544-B9DE-F2A2F1BEB405}.Debug|Any CPU.ActiveCfg = Debug|Any CPU
		{67438034-6401-4544-B9DE-F2A2F1BEB405}.Debug|Any CPU.Build.0 = Debug|Any CPU
		{67438034-6401-4544-B9DE-F2A2F1BEB405}.Release|Any CPU.ActiveCfg = Release|Any CPU
		{67438034-6401-4544-B9DE-F2A2F1BEB405}.Release|Any CPU.Build.0 = Release|Any CPU
	EndGlobalSection
	GlobalSection(SolutionProperties) = preSolution
		HideSolutionNode = FALSE
	EndGlobalSection
	GlobalSection(ExtensibilityGlobals) = postSolution
		SolutionGuid = {97F4E6F6-4C7F-43F9-91F6-7D205A9FD0F6}
	EndGlobalSection
EndGlobal
