
Microsoft Visual Studio Solution File, Format Version 12.00
# Visual Studio Version 16
VisualStudioVersion = 16.0.32602.291
MinimumVisualStudioVersion = 10.0.40219.1
Project("{9A19103F-16F7-4668-BE54-9A1E7A4F7556}") = "I01", "I01\I01.csproj", "{C19B45F0-83FB-4383-B445-4303C15767BC}"
EndProject
Project("{2150E333-8FDC-42A3-9474-1A3956D46DE8}") = "Clase_01", "Clase_01", "{65098FC2-6FFB-42DB-861A-BB294F3B7807}"
EndProject
Global
	GlobalSection(SolutionConfigurationPlatforms) = preSolution
		Debug|Any CPU = Debug|Any CPU
		Release|Any CPU = Release|Any CPU
	EndGlobalSection
	GlobalSection(ProjectConfigurationPlatforms) = postSolution
		{C19B45F0-83FB-4383-B445-4303C15767BC}.Debug|Any CPU.ActiveCfg = Debug|Any CPU
		{C19B45F0-83FB-4383-B445-4303C15767BC}.Debug|Any CPU.Build.0 = Debug|Any CPU
		{C19B45F0-83FB-4383-B445-4303C15767BC}.Release|Any CPU.ActiveCfg = Release|Any CPU
		{C19B45F0-83FB-4383-B445-4303C15767BC}.Release|Any CPU.Build.0 = Release|Any CPU
	EndGlobalSection
	GlobalSection(SolutionProperties) = preSolution
		HideSolutionNode = FALSE
	EndGlobalSection
	GlobalSection(NestedProjects) = preSolution
		{C19B45F0-83FB-4383-B445-4303C15767BC} = {65098FC2-6FFB-42DB-861A-BB294F3B7807}
	EndGlobalSection
	GlobalSection(ExtensibilityGlobals) = postSolution
		SolutionGuid = {8452E022-82D4-4499-BF79-8C34A9E6B07F}
	EndGlobalSection
EndGlobal
