
Microsoft Visual Studio Solution File, Format Version 12.00
# Visual Studio Version 16
VisualStudioVersion = 16.0.32602.291
MinimumVisualStudioVersion = 10.0.40219.1
Project("{9A19103F-16F7-4668-BE54-9A1E7A4F7556}") = "I01", "I01\I01.csproj", "{C19B45F0-83FB-4383-B445-4303C15767BC}"
EndProject
Project("{2150E333-8FDC-42A3-9474-1A3956D46DE8}") = "Clase_01", "Clase_01", "{65098FC2-6FFB-42DB-861A-BB294F3B7807}"
EndProject
Project("{9A19103F-16F7-4668-BE54-9A1E7A4F7556}") = "I02", "I02\I02.csproj", "{8B034DD4-9635-4437-85D9-57CDE3C6B3D7}"
EndProject
Project("{9A19103F-16F7-4668-BE54-9A1E7A4F7556}") = "I03", "I03\I03.csproj", "{258E5B26-0AEE-4E94-9572-A46C9DAC756C}"
EndProject
Project("{FAE04EC0-301F-11D3-BF4B-00C04F79EFBC}") = "I04", "I04\I04.csproj", "{65D4E5A6-A82E-4628-8BCF-13412DB5C1DF}"
EndProject
Project("{FAE04EC0-301F-11D3-BF4B-00C04F79EFBC}") = "I05", "I05\I05.csproj", "{13C1C8E9-D7F8-4461-92AE-99E2CC77DAE0}"
EndProject
Project("{FAE04EC0-301F-11D3-BF4B-00C04F79EFBC}") = "I06", "I06\I06.csproj", "{4C38AF51-2D5D-4640-989E-2B5BCD6A5FF0}"
EndProject
Project("{FAE04EC0-301F-11D3-BF4B-00C04F79EFBC}") = "I07", "I07\I07.csproj", "{416330B1-131A-4230-A663-2B6904B70281}"
EndProject
Project("{FAE04EC0-301F-11D3-BF4B-00C04F79EFBC}") = "I08", "I08\I08.csproj", "{F7E25C59-7F37-46D0-B0D4-0BD5A1014353}"
EndProject
Project("{FAE04EC0-301F-11D3-BF4B-00C04F79EFBC}") = "I09", "I09\I09.csproj", "{DEE9E8DE-3AB6-4B10-9736-AAF862C9F7DC}"
EndProject
Global
	GlobalSection(SolutionConfigurationPlatforms) = preSolution
		Debug|Any CPU = Debug|Any CPU
		Release|Any CPU = Release|Any CPU
	EndGlobalSection
	GlobalSection(ProjectConfigurationPlatforms) = postSolution
		{C19B45F0-83FB-4383-B445-4303C15767BC}.Debug|Any CPU.ActiveCfg = Debug|Any CPU
		{C19B45F0-83FB-4383-B445-4303C15767BC}.Debug|Any CPU.Build.0 = Debug|Any CPU
		{C19B45F0-83FB-4383-B445-4303C15767BC}.Release|Any CPU.ActiveCfg = Release|Any CPU
		{C19B45F0-83FB-4383-B445-4303C15767BC}.Release|Any CPU.Build.0 = Release|Any CPU
		{8B034DD4-9635-4437-85D9-57CDE3C6B3D7}.Debug|Any CPU.ActiveCfg = Debug|Any CPU
		{8B034DD4-9635-4437-85D9-57CDE3C6B3D7}.Debug|Any CPU.Build.0 = Debug|Any CPU
		{8B034DD4-9635-4437-85D9-57CDE3C6B3D7}.Release|Any CPU.ActiveCfg = Release|Any CPU
		{8B034DD4-9635-4437-85D9-57CDE3C6B3D7}.Release|Any CPU.Build.0 = Release|Any CPU
		{258E5B26-0AEE-4E94-9572-A46C9DAC756C}.Debug|Any CPU.ActiveCfg = Debug|Any CPU
		{258E5B26-0AEE-4E94-9572-A46C9DAC756C}.Debug|Any CPU.Build.0 = Debug|Any CPU
		{258E5B26-0AEE-4E94-9572-A46C9DAC756C}.Release|Any CPU.ActiveCfg = Release|Any CPU
		{258E5B26-0AEE-4E94-9572-A46C9DAC756C}.Release|Any CPU.Build.0 = Release|Any CPU
		{65D4E5A6-A82E-4628-8BCF-13412DB5C1DF}.Debug|Any CPU.ActiveCfg = Debug|Any CPU
		{65D4E5A6-A82E-4628-8BCF-13412DB5C1DF}.Debug|Any CPU.Build.0 = Debug|Any CPU
		{65D4E5A6-A82E-4628-8BCF-13412DB5C1DF}.Release|Any CPU.ActiveCfg = Release|Any CPU
		{65D4E5A6-A82E-4628-8BCF-13412DB5C1DF}.Release|Any CPU.Build.0 = Release|Any CPU
		{13C1C8E9-D7F8-4461-92AE-99E2CC77DAE0}.Debug|Any CPU.ActiveCfg = Debug|Any CPU
		{13C1C8E9-D7F8-4461-92AE-99E2CC77DAE0}.Debug|Any CPU.Build.0 = Debug|Any CPU
		{13C1C8E9-D7F8-4461-92AE-99E2CC77DAE0}.Release|Any CPU.ActiveCfg = Release|Any CPU
		{13C1C8E9-D7F8-4461-92AE-99E2CC77DAE0}.Release|Any CPU.Build.0 = Release|Any CPU
		{4C38AF51-2D5D-4640-989E-2B5BCD6A5FF0}.Debug|Any CPU.ActiveCfg = Debug|Any CPU
		{4C38AF51-2D5D-4640-989E-2B5BCD6A5FF0}.Debug|Any CPU.Build.0 = Debug|Any CPU
		{4C38AF51-2D5D-4640-989E-2B5BCD6A5FF0}.Release|Any CPU.ActiveCfg = Release|Any CPU
		{4C38AF51-2D5D-4640-989E-2B5BCD6A5FF0}.Release|Any CPU.Build.0 = Release|Any CPU
		{416330B1-131A-4230-A663-2B6904B70281}.Debug|Any CPU.ActiveCfg = Debug|Any CPU
		{416330B1-131A-4230-A663-2B6904B70281}.Debug|Any CPU.Build.0 = Debug|Any CPU
		{416330B1-131A-4230-A663-2B6904B70281}.Release|Any CPU.ActiveCfg = Release|Any CPU
		{416330B1-131A-4230-A663-2B6904B70281}.Release|Any CPU.Build.0 = Release|Any CPU
		{F7E25C59-7F37-46D0-B0D4-0BD5A1014353}.Debug|Any CPU.ActiveCfg = Debug|Any CPU
		{F7E25C59-7F37-46D0-B0D4-0BD5A1014353}.Debug|Any CPU.Build.0 = Debug|Any CPU
		{F7E25C59-7F37-46D0-B0D4-0BD5A1014353}.Release|Any CPU.ActiveCfg = Release|Any CPU
		{F7E25C59-7F37-46D0-B0D4-0BD5A1014353}.Release|Any CPU.Build.0 = Release|Any CPU
		{DEE9E8DE-3AB6-4B10-9736-AAF862C9F7DC}.Debug|Any CPU.ActiveCfg = Debug|Any CPU
		{DEE9E8DE-3AB6-4B10-9736-AAF862C9F7DC}.Debug|Any CPU.Build.0 = Debug|Any CPU
		{DEE9E8DE-3AB6-4B10-9736-AAF862C9F7DC}.Release|Any CPU.ActiveCfg = Release|Any CPU
		{DEE9E8DE-3AB6-4B10-9736-AAF862C9F7DC}.Release|Any CPU.Build.0 = Release|Any CPU
	EndGlobalSection
	GlobalSection(SolutionProperties) = preSolution
		HideSolutionNode = FALSE
	EndGlobalSection
	GlobalSection(NestedProjects) = preSolution
		{C19B45F0-83FB-4383-B445-4303C15767BC} = {65098FC2-6FFB-42DB-861A-BB294F3B7807}
		{8B034DD4-9635-4437-85D9-57CDE3C6B3D7} = {65098FC2-6FFB-42DB-861A-BB294F3B7807}
		{258E5B26-0AEE-4E94-9572-A46C9DAC756C} = {65098FC2-6FFB-42DB-861A-BB294F3B7807}
		{65D4E5A6-A82E-4628-8BCF-13412DB5C1DF} = {65098FC2-6FFB-42DB-861A-BB294F3B7807}
		{13C1C8E9-D7F8-4461-92AE-99E2CC77DAE0} = {65098FC2-6FFB-42DB-861A-BB294F3B7807}
		{4C38AF51-2D5D-4640-989E-2B5BCD6A5FF0} = {65098FC2-6FFB-42DB-861A-BB294F3B7807}
		{416330B1-131A-4230-A663-2B6904B70281} = {65098FC2-6FFB-42DB-861A-BB294F3B7807}
		{F7E25C59-7F37-46D0-B0D4-0BD5A1014353} = {65098FC2-6FFB-42DB-861A-BB294F3B7807}
		{DEE9E8DE-3AB6-4B10-9736-AAF862C9F7DC} = {65098FC2-6FFB-42DB-861A-BB294F3B7807}
	EndGlobalSection
	GlobalSection(ExtensibilityGlobals) = postSolution
		SolutionGuid = {8452E022-82D4-4499-BF79-8C34A9E6B07F}
	EndGlobalSection
EndGlobal
