
Microsoft Visual Studio Solution File, Format Version 12.00
# Visual Studio Version 16
VisualStudioVersion = 16.0.32602.291
MinimumVisualStudioVersion = 10.0.40219.1
Project("{FAE04EC0-301F-11D3-BF4B-00C04F79EFBC}") = "Ejercicio_Estaticos", "Ejercicio_Estaticos\Ejercicio_Estaticos.csproj", "{C033A268-AEF0-42FF-B92C-A4B400C9D696}"
EndProject
Project("{FAE04EC0-301F-11D3-BF4B-00C04F79EFBC}") = "Validacion", "Validacion\Validacion.csproj", "{83BC3841-1546-44D4-BCE0-420C33E42A7D}"
EndProject
Global
	GlobalSection(SolutionConfigurationPlatforms) = preSolution
		Debug|Any CPU = Debug|Any CPU
		Release|Any CPU = Release|Any CPU
	EndGlobalSection
	GlobalSection(ProjectConfigurationPlatforms) = postSolution
		{C033A268-AEF0-42FF-B92C-A4B400C9D696}.Debug|Any CPU.ActiveCfg = Debug|Any CPU
		{C033A268-AEF0-42FF-B92C-A4B400C9D696}.Debug|Any CPU.Build.0 = Debug|Any CPU
		{C033A268-AEF0-42FF-B92C-A4B400C9D696}.Release|Any CPU.ActiveCfg = Release|Any CPU
		{C033A268-AEF0-42FF-B92C-A4B400C9D696}.Release|Any CPU.Build.0 = Release|Any CPU
		{83BC3841-1546-44D4-BCE0-420C33E42A7D}.Debug|Any CPU.ActiveCfg = Debug|Any CPU
		{83BC3841-1546-44D4-BCE0-420C33E42A7D}.Debug|Any CPU.Build.0 = Debug|Any CPU
		{83BC3841-1546-44D4-BCE0-420C33E42A7D}.Release|Any CPU.ActiveCfg = Release|Any CPU
		{83BC3841-1546-44D4-BCE0-420C33E42A7D}.Release|Any CPU.Build.0 = Release|Any CPU
	EndGlobalSection
	GlobalSection(SolutionProperties) = preSolution
		HideSolutionNode = FALSE
	EndGlobalSection
	GlobalSection(ExtensibilityGlobals) = postSolution
		SolutionGuid = {547F022B-3202-49BF-A9E3-A17D56C26457}
	EndGlobalSection
EndGlobal
