
Microsoft Visual Studio Solution File, Format Version 12.00
# Visual Studio Version 16
VisualStudioVersion = 16.0.32602.291
MinimumVisualStudioVersion = 10.0.40219.1
Project("{FAE04EC0-301F-11D3-BF4B-00C04F79EFBC}") = "Ejercicio_Sobrecarga", "Ejercicio_Sobrecarga\Ejercicio_Sobrecarga.csproj", "{9111CC69-0B83-471B-A32E-89C966628F0A}"
EndProject
Project("{FAE04EC0-301F-11D3-BF4B-00C04F79EFBC}") = "Billetes", "Billetes\Billetes.csproj", "{313CF6D0-53CD-4FF1-8B2F-0A230EDB562B}"
EndProject
Global
	GlobalSection(SolutionConfigurationPlatforms) = preSolution
		Debug|Any CPU = Debug|Any CPU
		Release|Any CPU = Release|Any CPU
	EndGlobalSection
	GlobalSection(ProjectConfigurationPlatforms) = postSolution
		{9111CC69-0B83-471B-A32E-89C966628F0A}.Debug|Any CPU.ActiveCfg = Debug|Any CPU
		{9111CC69-0B83-471B-A32E-89C966628F0A}.Debug|Any CPU.Build.0 = Debug|Any CPU
		{9111CC69-0B83-471B-A32E-89C966628F0A}.Release|Any CPU.ActiveCfg = Release|Any CPU
		{9111CC69-0B83-471B-A32E-89C966628F0A}.Release|Any CPU.Build.0 = Release|Any CPU
		{313CF6D0-53CD-4FF1-8B2F-0A230EDB562B}.Debug|Any CPU.ActiveCfg = Debug|Any CPU
		{313CF6D0-53CD-4FF1-8B2F-0A230EDB562B}.Debug|Any CPU.Build.0 = Debug|Any CPU
		{313CF6D0-53CD-4FF1-8B2F-0A230EDB562B}.Release|Any CPU.ActiveCfg = Release|Any CPU
		{313CF6D0-53CD-4FF1-8B2F-0A230EDB562B}.Release|Any CPU.Build.0 = Release|Any CPU
	EndGlobalSection
	GlobalSection(SolutionProperties) = preSolution
		HideSolutionNode = FALSE
	EndGlobalSection
	GlobalSection(ExtensibilityGlobals) = postSolution
		SolutionGuid = {36D934B6-F3AB-4988-9742-F66592F29EF8}
	EndGlobalSection
EndGlobal
