
Microsoft Visual Studio Solution File, Format Version 12.00
# Visual Studio Version 16
VisualStudioVersion = 16.0.32602.291
MinimumVisualStudioVersion = 10.0.40219.1
Project("{FAE04EC0-301F-11D3-BF4B-00C04F79EFBC}") = "Ejercicio_OrientadoObjeto", "Ejercicio_OrientadoObjeto\Ejercicio_OrientadoObjeto.csproj", "{4D169BCB-9D04-436A-8F5B-3B14F8200F27}"
EndProject
Project("{FAE04EC0-301F-11D3-BF4B-00C04F79EFBC}") = "Estudiante", "Estudiante\Estudiante.csproj", "{2FDEC8BB-28D6-408D-9923-325CEDB66715}"
EndProject
Global
	GlobalSection(SolutionConfigurationPlatforms) = preSolution
		Debug|Any CPU = Debug|Any CPU
		Release|Any CPU = Release|Any CPU
	EndGlobalSection
	GlobalSection(ProjectConfigurationPlatforms) = postSolution
		{4D169BCB-9D04-436A-8F5B-3B14F8200F27}.Debug|Any CPU.ActiveCfg = Debug|Any CPU
		{4D169BCB-9D04-436A-8F5B-3B14F8200F27}.Debug|Any CPU.Build.0 = Debug|Any CPU
		{4D169BCB-9D04-436A-8F5B-3B14F8200F27}.Release|Any CPU.ActiveCfg = Release|Any CPU
		{4D169BCB-9D04-436A-8F5B-3B14F8200F27}.Release|Any CPU.Build.0 = Release|Any CPU
		{2FDEC8BB-28D6-408D-9923-325CEDB66715}.Debug|Any CPU.ActiveCfg = Debug|Any CPU
		{2FDEC8BB-28D6-408D-9923-325CEDB66715}.Debug|Any CPU.Build.0 = Debug|Any CPU
		{2FDEC8BB-28D6-408D-9923-325CEDB66715}.Release|Any CPU.ActiveCfg = Release|Any CPU
		{2FDEC8BB-28D6-408D-9923-325CEDB66715}.Release|Any CPU.Build.0 = Release|Any CPU
	EndGlobalSection
	GlobalSection(SolutionProperties) = preSolution
		HideSolutionNode = FALSE
	EndGlobalSection
	GlobalSection(ExtensibilityGlobals) = postSolution
		SolutionGuid = {4CCD19A6-84D3-40F6-860F-8C72BFBAD2D3}
	EndGlobalSection
EndGlobal
