
Microsoft Visual Studio Solution File, Format Version 12.00
# Visual Studio Version 16
VisualStudioVersion = 16.0.32602.291
MinimumVisualStudioVersion = 10.0.40219.1
Project("{FAE04EC0-301F-11D3-BF4B-00C04F79EFBC}") = "Ejercicio_OrientadoObjeto", "Ejercicio_OrientadoObjeto\Ejercicio_OrientadoObjeto.csproj", "{C1FF76F5-EF2F-4C56-902E-51117C0E3F24}"
EndProject
Project("{FAE04EC0-301F-11D3-BF4B-00C04F79EFBC}") = "Cliente", "Cliente\Cliente.csproj", "{FA22F251-F20E-4E4C-A942-0431A763B524}"
EndProject
Global
	GlobalSection(SolutionConfigurationPlatforms) = preSolution
		Debug|Any CPU = Debug|Any CPU
		Release|Any CPU = Release|Any CPU
	EndGlobalSection
	GlobalSection(ProjectConfigurationPlatforms) = postSolution
		{C1FF76F5-EF2F-4C56-902E-51117C0E3F24}.Debug|Any CPU.ActiveCfg = Debug|Any CPU
		{C1FF76F5-EF2F-4C56-902E-51117C0E3F24}.Debug|Any CPU.Build.0 = Debug|Any CPU
		{C1FF76F5-EF2F-4C56-902E-51117C0E3F24}.Release|Any CPU.ActiveCfg = Release|Any CPU
		{C1FF76F5-EF2F-4C56-902E-51117C0E3F24}.Release|Any CPU.Build.0 = Release|Any CPU
		{FA22F251-F20E-4E4C-A942-0431A763B524}.Debug|Any CPU.ActiveCfg = Debug|Any CPU
		{FA22F251-F20E-4E4C-A942-0431A763B524}.Debug|Any CPU.Build.0 = Debug|Any CPU
		{FA22F251-F20E-4E4C-A942-0431A763B524}.Release|Any CPU.ActiveCfg = Release|Any CPU
		{FA22F251-F20E-4E4C-A942-0431A763B524}.Release|Any CPU.Build.0 = Release|Any CPU
	EndGlobalSection
	GlobalSection(SolutionProperties) = preSolution
		HideSolutionNode = FALSE
	EndGlobalSection
	GlobalSection(ExtensibilityGlobals) = postSolution
		SolutionGuid = {1C629B5A-26D6-4C78-BC91-6DCDB4CCD962}
	EndGlobalSection
EndGlobal
